
Microsoft Visual Studio Solution File, Format Version 12.00
# Visual Studio Version 16
VisualStudioVersion = 16.0.31729.503
MinimumVisualStudioVersion = 10.0.40219.1
Project("{FAE04EC0-301F-11D3-BF4B-00C04F79EFBC}") = "TheFrozenDesert", "TheFrozenDesert.csproj", "{7D282692-4003-4782-85E2-C30A71BD656C}"
EndProject
Global
	GlobalSection(SolutionConfigurationPlatforms) = preSolution
		Debug|Any CPU = Debug|Any CPU
		Release|Any CPU = Release|Any CPU
	EndGlobalSection
	GlobalSection(ProjectConfigurationPlatforms) = postSolution
		{7D282692-4003-4782-85E2-C30A71BD656C}.Debug|Any CPU.ActiveCfg = Debug|Any CPU
		{7D282692-4003-4782-85E2-C30A71BD656C}.Debug|Any CPU.Build.0 = Debug|Any CPU
		{7D282692-4003-4782-85E2-C30A71BD656C}.Release|Any CPU.ActiveCfg = Release|Any CPU
		{7D282692-4003-4782-85E2-C30A71BD656C}.Release|Any CPU.Build.0 = Release|Any CPU
	EndGlobalSection
	GlobalSection(SolutionProperties) = preSolution
		HideSolutionNode = FALSE
	EndGlobalSection
	GlobalSection(ExtensibilityGlobals) = postSolution
		SolutionGuid = {47E6F4FE-B0B5-4F92-AA2A-919D476D423E}
	EndGlobalSection
EndGlobal
